{
  "name": "api",
  "version": "1.0.0",
  "lockfileVersion": 3,
  "requires": true,
  "packages": {
    "": {
      "name": "api",
      "version": "1.0.0",
      "license": "ISC",
      "dependencies": {
        "bcryptjs": "^3.0.2",
        "body-parser": "^2.2.0",
        "dotenv": "^17.2.0",
        "express": "^5.1.0",
        "jsonwebtoken": "^9.0.2",
        "pg": "^8.16.3",
        "reflect-metadata": "^0.2.2",
        "swagger-ui-express": "^5.0.1",
        "typeorm": "^0.3.25",
        "zod": "^4.0.5"
      },
      "devDependencies": {
        "@types/bcryptjs": "^3.0.0",
        "@types/body-parser": "^1.19.6",
        "@types/express": "^5.0.3",
        "@types/jsonwebtoken": "^9.0.10",
        "@types/node": "^24.1.0",
        "@types/swagger-ui-express": "^4.1.8",
        "dotenv-cli": "^9.0.0",
        "swagger-autogen": "^2.23.7",
        "tsx": "^4.20.3",
        "typescript": "^5.8.3"
      }
    },
    "../../node_modules/.pnpm/@types+bcryptjs@3.0.0/node_modules/@types/bcryptjs": {
      "version": "3.0.0",
      "deprecated": "This is a stub types definition. bcryptjs provides its own type definitions, so you do not need this installed.",
      "dev": true,
      "license": "MIT",
      "dependencies": {
        "bcryptjs": "*"
      }
    },
    "../../node_modules/.pnpm/@types+body-parser@1.19.6/node_modules/@types/body-parser": {
      "version": "1.19.6",
      "dev": true,
      "license": "MIT",
      "dependencies": {
        "@types/connect": "*",
        "@types/node": "*"
      }
    },
    "../../node_modules/.pnpm/@types+express@5.0.3/node_modules/@types/express": {
      "version": "5.0.3",
      "dev": true,
      "license": "MIT",
      "dependencies": {
        "@types/body-parser": "*",
        "@types/express-serve-static-core": "^5.0.0",
        "@types/serve-static": "*"
      }
    },
    "../../node_modules/.pnpm/@types+node@24.1.0/node_modules/@types/node": {
      "version": "24.1.0",
      "dev": true,
      "license": "MIT",
      "dependencies": {
        "undici-types": "~7.8.0"
      }
    },
    "../../node_modules/.pnpm/@types+swagger-ui-express@4.1.8/node_modules/@types/swagger-ui-express": {
      "version": "4.1.8",
      "dev": true,
      "license": "MIT",
      "dependencies": {
        "@types/express": "*",
        "@types/serve-static": "*"
      }
    },
    "../../node_modules/.pnpm/bcryptjs@3.0.2/node_modules/bcryptjs": {
      "version": "3.0.2",
      "license": "BSD-3-Clause",
      "bin": {
        "bcrypt": "bin/bcrypt"
      },
      "devDependencies": {
        "bcrypt": "^5.1.1",
        "esm2umd": "^0.3.1",
        "prettier": "^3.5.0",
        "typescript": "^5.7.3"
      }
    },
    "../../node_modules/.pnpm/body-parser@2.2.0/node_modules/body-parser": {
      "version": "2.2.0",
      "license": "MIT",
      "dependencies": {
        "bytes": "^3.1.2",
        "content-type": "^1.0.5",
        "debug": "^4.4.0",
        "http-errors": "^2.0.0",
        "iconv-lite": "^0.6.3",
        "on-finished": "^2.4.1",
        "qs": "^6.14.0",
        "raw-body": "^3.0.0",
        "type-is": "^2.0.0"
      },
      "devDependencies": {
        "eslint": "8.34.0",
        "eslint-config-standard": "14.1.1",
        "eslint-plugin-import": "2.27.5",
        "eslint-plugin-markdown": "3.0.0",
        "eslint-plugin-node": "11.1.0",
        "eslint-plugin-promise": "6.1.1",
        "eslint-plugin-standard": "4.1.0",
        "mocha": "^11.1.0",
        "nyc": "^17.1.0",
        "supertest": "^7.0.0"
      },
      "engines": {
        "node": ">=18"
      }
    },
    "../../node_modules/.pnpm/dotenv-cli@9.0.0/node_modules/dotenv-cli": {
      "version": "9.0.0",
      "dev": true,
      "license": "MIT",
      "dependencies": {
        "cross-spawn": "^7.0.6",
        "dotenv": "^17.1.0",
        "dotenv-expand": "^10.0.0",
        "minimist": "^1.2.6"
      },
      "bin": {
        "dotenv": "cli.js"
      },
      "devDependencies": {
        "standard": "^16.0.4"
      }
    },
    "../../node_modules/.pnpm/dotenv@17.2.0/node_modules/dotenv": {
      "version": "17.2.0",
      "license": "BSD-2-Clause",
      "devDependencies": {
        "@types/node": "^18.11.3",
        "decache": "^4.6.2",
        "sinon": "^14.0.1",
        "standard": "^17.0.0",
        "standard-version": "^9.5.0",
        "tap": "^19.2.0",
        "typescript": "^4.8.4"
      },
      "engines": {
        "node": ">=12"
      },
      "funding": {
        "url": "https://dotenvx.com"
      }
    },
    "../../node_modules/.pnpm/express@5.1.0/node_modules/express": {
      "version": "5.1.0",
      "license": "MIT",
      "dependencies": {
        "accepts": "^2.0.0",
        "body-parser": "^2.2.0",
        "content-disposition": "^1.0.0",
        "content-type": "^1.0.5",
        "cookie": "^0.7.1",
        "cookie-signature": "^1.2.1",
        "debug": "^4.4.0",
        "encodeurl": "^2.0.0",
        "escape-html": "^1.0.3",
        "etag": "^1.8.1",
        "finalhandler": "^2.1.0",
        "fresh": "^2.0.0",
        "http-errors": "^2.0.0",
        "merge-descriptors": "^2.0.0",
        "mime-types": "^3.0.0",
        "on-finished": "^2.4.1",
        "once": "^1.4.0",
        "parseurl": "^1.3.3",
        "proxy-addr": "^2.0.7",
        "qs": "^6.14.0",
        "range-parser": "^1.2.1",
        "router": "^2.2.0",
        "send": "^1.1.0",
        "serve-static": "^2.2.0",
        "statuses": "^2.0.1",
        "type-is": "^2.0.1",
        "vary": "^1.1.2"
      },
      "devDependencies": {
        "after": "0.8.2",
        "connect-redis": "^8.0.1",
        "cookie-parser": "1.4.7",
        "cookie-session": "2.1.0",
        "ejs": "^3.1.10",
        "eslint": "8.47.0",
        "express-session": "^1.18.1",
        "hbs": "4.2.0",
        "marked": "^15.0.3",
        "method-override": "3.0.0",
        "mocha": "^10.7.3",
        "morgan": "1.10.0",
        "nyc": "^17.1.0",
        "pbkdf2-password": "1.2.1",
        "supertest": "^6.3.0",
        "vhost": "~3.0.2"
      },
      "engines": {
        "node": ">= 18"
      },
      "funding": {
        "type": "opencollective",
        "url": "https://opencollective.com/express"
      }
    },
    "../../node_modules/.pnpm/jsonwebtoken@9.0.2/node_modules/jsonwebtoken": {
      "version": "9.0.2",
      "license": "MIT",
      "dependencies": {
        "jws": "^3.2.2",
        "lodash.includes": "^4.3.0",
        "lodash.isboolean": "^3.0.3",
        "lodash.isinteger": "^4.0.4",
        "lodash.isnumber": "^3.0.3",
        "lodash.isplainobject": "^4.0.6",
        "lodash.isstring": "^4.0.1",
        "lodash.once": "^4.0.0",
        "ms": "^2.1.1",
        "semver": "^7.5.4"
      },
      "devDependencies": {
        "atob": "^2.1.2",
        "chai": "^4.1.2",
        "conventional-changelog": "~1.1.0",
        "cost-of-modules": "^1.0.1",
        "eslint": "^4.19.1",
        "mocha": "^5.2.0",
        "nsp": "^2.6.2",
        "nyc": "^11.9.0",
        "sinon": "^6.0.0"
      },
      "engines": {
        "node": ">=12",
        "npm": ">=6"
      }
    },
    "../../node_modules/.pnpm/pg@8.16.3/node_modules/pg": {
      "version": "8.16.3",
      "license": "MIT",
      "dependencies": {
        "pg-connection-string": "^2.9.1",
        "pg-pool": "^3.10.1",
        "pg-protocol": "^1.10.3",
        "pg-types": "2.2.0",
        "pgpass": "1.0.5"
      },
      "devDependencies": {
        "@cloudflare/vitest-pool-workers": "0.8.23",
        "@cloudflare/workers-types": "^4.20230404.0",
        "async": "2.6.4",
        "bluebird": "3.7.2",
        "co": "4.6.0",
        "pg-copy-streams": "0.3.0",
        "typescript": "^4.0.3",
        "vitest": "~3.0.9",
        "wrangler": "^3.x"
      },
      "engines": {
        "node": ">= 16.0.0"
      },
      "optionalDependencies": {
        "pg-cloudflare": "^1.2.7"
      },
      "peerDependencies": {
        "pg-native": ">=3.0.1"
      },
      "peerDependenciesMeta": {
        "pg-native": {
          "optional": true
        }
      }
    },
    "../../node_modules/.pnpm/reflect-metadata@0.2.2/node_modules/reflect-metadata": {
      "version": "0.2.2",
      "license": "Apache-2.0",
      "devDependencies": {
        "@types/chai": "^3.4.34",
        "@types/mocha": "^2.2.34",
        "@types/node": "^10.17.60",
        "chai": "^3.5.0",
        "del": "^2.2.2",
        "ecmarkup": "^3.9.3",
        "gulp": "^3.9.1",
        "gulp-emu": "^1.1.0",
        "gulp-live-server": "0.0.30",
        "gulp-mocha": "^3.0.1",
        "gulp-rename": "^1.2.2",
        "gulp-sequence": "^0.4.6",
        "gulp-tsb": "^2.0.3",
        "mocha": "^3.2.0",
        "typescript": "^2.1.4"
      }
    },
    "../../node_modules/.pnpm/swagger-autogen@2.23.7/node_modules/swagger-autogen": {
      "version": "2.23.7",
      "dev": true,
      "license": "MIT",
      "dependencies": {
        "acorn": "^7.4.1",
        "deepmerge": "^4.2.2",
        "glob": "^7.1.7",
        "json5": "^2.2.3"
      },
      "devDependencies": {
        "eslint": "^7.26.0",
        "prettier": "^2.3.0",
        "tape": "^4.11.0",
        "tape-promise": "^4.0.0"
      }
    },
    "../../node_modules/.pnpm/swagger-ui-express@5.0.1_express@5.1.0/node_modules/swagger-ui-express": {
      "version": "5.0.1",
      "license": "MIT",
      "dependencies": {
        "swagger-ui-dist": ">=5.0.0"
      },
      "devDependencies": {
        "es6-shim": "0.35.8",
        "express": "^4.19.2",
        "istanbul-badges-readme": "^1.9.0",
        "mocha": "^10.4.0",
        "nyc": "^15.1.0",
        "puppeteer": "22.8.2"
      },
      "engines": {
        "node": ">= v0.10.32"
      },
      "peerDependencies": {
        "express": ">=4.0.0 || >=5.0.0-beta"
      }
    },
    "../../node_modules/.pnpm/tsx@4.20.3/node_modules/tsx": {
      "version": "4.20.3",
      "dev": true,
      "license": "MIT",
      "dependencies": {
        "esbuild": "~0.25.0",
        "get-tsconfig": "^4.7.5"
      },
      "bin": {
        "tsx": "dist/cli.mjs"
      },
      "engines": {
        "node": ">=18.0.0"
      },
      "optionalDependencies": {
        "fsevents": "~2.3.3"
      }
    },
    "../../node_modules/.pnpm/typeorm@0.3.25_pg@8.16.3_reflect-metadata@0.2.2/node_modules/typeorm": {
      "version": "0.3.25",
      "license": "MIT",
      "dependencies": {
        "@sqltools/formatter": "^1.2.5",
        "ansis": "^3.17.0",
        "app-root-path": "^3.1.0",
        "buffer": "^6.0.3",
        "dayjs": "^1.11.13",
        "debug": "^4.4.0",
        "dedent": "^1.6.0",
        "dotenv": "^16.4.7",
        "glob": "^10.4.5",
        "sha.js": "^2.4.11",
        "sql-highlight": "^6.0.0",
        "tslib": "^2.8.1",
        "uuid": "^11.1.0",
        "yargs": "^17.7.2"
      },
      "bin": {
        "typeorm": "cli.js",
        "typeorm-ts-node-commonjs": "cli-ts-node-commonjs.js",
        "typeorm-ts-node-esm": "cli-ts-node-esm.js"
      },
      "devDependencies": {
        "@eslint/js": "^9.28.0",
        "@sap/hana-client": "^2.24.21",
        "@tsconfig/node16": "^16.1.4",
        "@types/chai": "^4.3.20",
        "@types/chai-as-promised": "^7.1.8",
        "@types/debug": "^4.1.12",
        "@types/gulp-rename": "^2.0.6",
        "@types/gulp-sourcemaps": "^0.0.38",
        "@types/mocha": "^10.0.10",
        "@types/node": "^16.18.126",
        "@types/sha.js": "^2.4.4",
        "@types/sinon": "^10.0.20",
        "@types/sinon-chai": "^4.0.0",
        "@types/source-map-support": "^0.5.10",
        "@types/yargs": "^17.0.33",
        "better-sqlite3": "^8.7.0",
        "chai": "^4.5.0",
        "chai-as-promised": "^7.1.2",
        "class-transformer": "^0.5.1",
        "eslint": "^9.28.0",
        "globals": "^16.2.0",
        "gulp": "^4.0.2",
        "gulp-rename": "^2.0.0",
        "gulp-replace": "^1.1.4",
        "gulp-shell": "^0.8.0",
        "gulp-sourcemaps": "^3.0.0",
        "gulp-typescript": "^6.0.0-alpha.1",
        "gulpclass": "^0.2.0",
        "hdb-pool": "^0.1.6",
        "husky": "^9.1.7",
        "lint-staged": "^15.5.2",
        "mocha": "^10.8.2",
        "mongodb": "^6.15.0",
        "mssql": "^11.0.1",
        "mysql": "^2.18.1",
        "mysql2": "^3.14.0",
        "nyc": "^17.1.0",
        "oracledb": "^6.8.0",
        "pg": "^8.14.1",
        "pg-query-stream": "^4.8.1",
        "pkg-pr-new": "^0.0.43",
        "prettier": "^2.8.8",
        "redis": "^4.7.0",
        "remap-istanbul": "^0.13.0",
        "rimraf": "^5.0.10",
        "sinon": "^15.2.0",
        "sinon-chai": "^3.7.0",
        "sort-package-json": "^2.15.1",
        "source-map-support": "^0.5.21",
        "sql.js": "^1.13.0",
        "sqlite3": "^5.1.7",
        "standard-changelog": "^6.0.0",
        "ts-node": "^10.9.2",
        "typescript": "^5.8.3",
        "typescript-eslint": "^8.33.1"
      },
      "engines": {
        "node": ">=16.13.0"
      },
      "funding": {
        "url": "https://opencollective.com/typeorm"
      },
      "peerDependencies": {
        "@google-cloud/spanner": "^5.18.0 || ^6.0.0 || ^7.0.0",
        "@sap/hana-client": "^2.12.25",
        "better-sqlite3": "^8.0.0 || ^9.0.0 || ^10.0.0 || ^11.0.0",
        "hdb-pool": "^0.1.6",
        "ioredis": "^5.0.4",
        "mongodb": "^5.8.0 || ^6.0.0",
        "mssql": "^9.1.1 || ^10.0.1 || ^11.0.1",
        "mysql2": "^2.2.5 || ^3.0.1",
        "oracledb": "^6.3.0",
        "pg": "^8.5.1",
        "pg-native": "^3.0.0",
        "pg-query-stream": "^4.0.0",
        "redis": "^3.1.1 || ^4.0.0",
        "reflect-metadata": "^0.1.14 || ^0.2.0",
        "sql.js": "^1.4.0",
        "sqlite3": "^5.0.3",
        "ts-node": "^10.7.0",
        "typeorm-aurora-data-api-driver": "^2.0.0 || ^3.0.0"
      },
      "peerDependenciesMeta": {
        "@google-cloud/spanner": {
          "optional": true
        },
        "@sap/hana-client": {
          "optional": true
        },
        "better-sqlite3": {
          "optional": true
        },
        "hdb-pool": {
          "optional": true
        },
        "ioredis": {
          "optional": true
        },
        "mongodb": {
          "optional": true
        },
        "mssql": {
          "optional": true
        },
        "mysql2": {
          "optional": true
        },
        "oracledb": {
          "optional": true
        },
        "pg": {
          "optional": true
        },
        "pg-native": {
          "optional": true
        },
        "pg-query-stream": {
          "optional": true
        },
        "redis": {
          "optional": true
        },
        "sql.js": {
          "optional": true
        },
        "sqlite3": {
          "optional": true
        },
        "ts-node": {
          "optional": true
        },
        "typeorm-aurora-data-api-driver": {
          "optional": true
        }
      }
    },
    "../../node_modules/.pnpm/typescript@5.8.3/node_modules/typescript": {
      "version": "5.8.3",
      "dev": true,
      "license": "Apache-2.0",
      "bin": {
        "tsc": "bin/tsc",
        "tsserver": "bin/tsserver"
      },
      "devDependencies": {
        "@dprint/formatter": "^0.4.1",
        "@dprint/typescript": "0.93.3",
        "@esfx/canceltoken": "^1.0.0",
        "@eslint/js": "^9.17.0",
        "@octokit/rest": "^21.0.2",
        "@types/chai": "^4.3.20",
        "@types/diff": "^5.2.3",
        "@types/minimist": "^1.2.5",
        "@types/mocha": "^10.0.10",
        "@types/ms": "^0.7.34",
        "@types/node": "latest",
        "@types/source-map-support": "^0.5.10",
        "@types/which": "^3.0.4",
        "@typescript-eslint/rule-tester": "^8.18.1",
        "@typescript-eslint/type-utils": "^8.18.1",
        "@typescript-eslint/utils": "^8.18.1",
        "azure-devops-node-api": "^14.1.0",
        "c8": "^10.1.3",
        "chai": "^4.5.0",
        "chalk": "^4.1.2",
        "chokidar": "^3.6.0",
        "diff": "^5.2.0",
        "dprint": "^0.47.6",
        "esbuild": "^0.24.0",
        "eslint": "^9.17.0",
        "eslint-formatter-autolinkable-stylish": "^1.4.0",
        "eslint-plugin-regexp": "^2.7.0",
        "fast-xml-parser": "^4.5.1",
        "glob": "^10.4.5",
        "globals": "^15.13.0",
        "hereby": "^1.10.0",
        "jsonc-parser": "^3.3.1",
        "knip": "^5.41.0",
        "minimist": "^1.2.8",
        "mocha": "^10.8.2",
        "mocha-fivemat-progress-reporter": "^0.1.0",
        "monocart-coverage-reports": "^2.11.4",
        "ms": "^2.1.3",
        "playwright": "^1.49.1",
        "source-map-support": "^0.5.21",
        "tslib": "^2.8.1",
        "typescript": "^5.7.2",
        "typescript-eslint": "^8.18.1",
        "which": "^3.0.1"
      },
      "engines": {
        "node": ">=14.17"
      }
    },
    "../../node_modules/.pnpm/zod@4.0.5/node_modules/zod": {
      "version": "4.0.5",
      "license": "MIT",
      "funding": {
        "url": "https://github.com/sponsors/colinhacks"
      }
    },
    "node_modules/@types/bcryptjs": {
      "resolved": "../../node_modules/.pnpm/@types+bcryptjs@3.0.0/node_modules/@types/bcryptjs",
      "link": true
    },
    "node_modules/@types/body-parser": {
      "resolved": "../../node_modules/.pnpm/@types+body-parser@1.19.6/node_modules/@types/body-parser",
      "link": true
    },
    "node_modules/@types/express": {
      "resolved": "../../node_modules/.pnpm/@types+express@5.0.3/node_modules/@types/express",
      "link": true
    },
    "node_modules/@types/jsonwebtoken": {
      "version": "9.0.10",
      "resolved": "https://registry.npmjs.org/@types/jsonwebtoken/-/jsonwebtoken-9.0.10.tgz",
      "integrity": "sha512-asx5hIG9Qmf/1oStypjanR7iKTv0gXQ1Ov/jfrX6kS/EO0OFni8orbmGCn0672NHR3kXHwpAwR+B368ZGN/2rA==",
      "dev": true,
      "license": "MIT",
      "dependencies": {
        "@types/ms": "*",
        "@types/node": "*"
      }
    },
    "node_modules/@types/ms": {
      "version": "2.1.0",
      "resolved": "https://registry.npmjs.org/@types/ms/-/ms-2.1.0.tgz",
      "integrity": "sha512-GsCCIZDE/p3i96vtEqx+7dBUGXrc7zeSK3wwPHIaRThS+9OhWIXRqzs4d6k1SVU8g91DrNRWxWUGhp5KXQb2VA==",
      "dev": true,
      "license": "MIT"
    },
    "node_modules/@types/node": {
      "resolved": "../../node_modules/.pnpm/@types+node@24.1.0/node_modules/@types/node",
      "link": true
    },
    "node_modules/@types/swagger-ui-express": {
      "resolved": "../../node_modules/.pnpm/@types+swagger-ui-express@4.1.8/node_modules/@types/swagger-ui-express",
      "link": true
    },
    "node_modules/bcryptjs": {
      "resolved": "../../node_modules/.pnpm/bcryptjs@3.0.2/node_modules/bcryptjs",
      "link": true
    },
    "node_modules/body-parser": {
      "resolved": "../../node_modules/.pnpm/body-parser@2.2.0/node_modules/body-parser",
      "link": true
    },
    "node_modules/dotenv": {
      "resolved": "../../node_modules/.pnpm/dotenv@17.2.0/node_modules/dotenv",
      "link": true
    },
    "node_modules/dotenv-cli": {
      "resolved": "../../node_modules/.pnpm/dotenv-cli@9.0.0/node_modules/dotenv-cli",
      "link": true
    },
    "node_modules/express": {
      "resolved": "../../node_modules/.pnpm/express@5.1.0/node_modules/express",
      "link": true
    },
    "node_modules/jsonwebtoken": {
      "resolved": "../../node_modules/.pnpm/jsonwebtoken@9.0.2/node_modules/jsonwebtoken",
      "link": true
    },
    "node_modules/pg": {
      "resolved": "../../node_modules/.pnpm/pg@8.16.3/node_modules/pg",
      "link": true
    },
    "node_modules/reflect-metadata": {
      "resolved": "../../node_modules/.pnpm/reflect-metadata@0.2.2/node_modules/reflect-metadata",
      "link": true
    },
    "node_modules/swagger-autogen": {
      "resolved": "../../node_modules/.pnpm/swagger-autogen@2.23.7/node_modules/swagger-autogen",
      "link": true
    },
    "node_modules/swagger-ui-express": {
      "resolved": "../../node_modules/.pnpm/swagger-ui-express@5.0.1_express@5.1.0/node_modules/swagger-ui-express",
      "link": true
    },
    "node_modules/tsx": {
      "resolved": "../../node_modules/.pnpm/tsx@4.20.3/node_modules/tsx",
      "link": true
    },
    "node_modules/typeorm": {
      "resolved": "../../node_modules/.pnpm/typeorm@0.3.25_pg@8.16.3_reflect-metadata@0.2.2/node_modules/typeorm",
      "link": true
    },
    "node_modules/typescript": {
      "resolved": "../../node_modules/.pnpm/typescript@5.8.3/node_modules/typescript",
      "link": true
    },
    "node_modules/zod": {
      "resolved": "../../node_modules/.pnpm/zod@4.0.5/node_modules/zod",
      "link": true
    }
  }
}
